
Microsoft Visual Studio Solution File, Format Version 12.00
# Visual Studio 2013
VisualStudioVersion = 12.0.31101.0
MinimumVisualStudioVersion = 10.0.40219.1
Project("{FAE04EC0-301F-11D3-BF4B-00C04F79EFBC}") = "CodingHelper", "CodingHelper\CodingHelper.csproj", "{9DF57E76-222C-45C4-BB7E-140A5093DC6C}"
EndProject
Global
	GlobalSection(SolutionConfigurationPlatforms) = preSolution
		Debug|Any CPU = Debug|Any CPU
		Release|Any CPU = Release|Any CPU
	EndGlobalSection
	GlobalSection(ProjectConfigurationPlatforms) = postSolution
		{9DF57E76-222C-45C4-BB7E-140A5093DC6C}.Debug|Any CPU.ActiveCfg = Debug|Any CPU
		{9DF57E76-222C-45C4-BB7E-140A5093DC6C}.Debug|Any CPU.Build.0 = Debug|Any CPU
		{9DF57E76-222C-45C4-BB7E-140A5093DC6C}.Release|Any CPU.ActiveCfg = Release|Any CPU
		{9DF57E76-222C-45C4-BB7E-140A5093DC6C}.Release|Any CPU.Build.0 = Release|Any CPU
	EndGlobalSection
	GlobalSection(SolutionProperties) = preSolution
		HideSolutionNode = FALSE
	EndGlobalSection
EndGlobal
